
Microsoft Visual Studio Solution File, Format Version 12.00
# Visual Studio Version 17
VisualStudioVersion = 17.4.33110.190
MinimumVisualStudioVersion = 10.0.40219.1
Project("{FAE04EC0-301F-11D3-BF4B-00C04F79EFBC}") = "AnnealingSimulation", "AnnealingSimulation\AnnealingSimulation.csproj", "{13A357DA-DDE3-4E8F-800A-410926E230E3}"
EndProject
Global
	GlobalSection(SolutionConfigurationPlatforms) = preSolution
		Debug|Any CPU = Debug|Any CPU
		Release|Any CPU = Release|Any CPU
	EndGlobalSection
	GlobalSection(ProjectConfigurationPlatforms) = postSolution
		{13A357DA-DDE3-4E8F-800A-410926E230E3}.Debug|Any CPU.ActiveCfg = Debug|Any CPU
		{13A357DA-DDE3-4E8F-800A-410926E230E3}.Debug|Any CPU.Build.0 = Debug|Any CPU
		{13A357DA-DDE3-4E8F-800A-410926E230E3}.Release|Any CPU.ActiveCfg = Release|Any CPU
		{13A357DA-DDE3-4E8F-800A-410926E230E3}.Release|Any CPU.Build.0 = Release|Any CPU
	EndGlobalSection
	GlobalSection(SolutionProperties) = preSolution
		HideSolutionNode = FALSE
	EndGlobalSection
	GlobalSection(ExtensibilityGlobals) = postSolution
		SolutionGuid = {6E75819A-6425-4BC4-BEA5-520556FCDE00}
	EndGlobalSection
EndGlobal
